{
  "name": "changeyard",
  "version": "0.1.0",
  "lockfileVersion": 3,
  "requires": true,
  "packages": {
    "": {
      "name": "changeyard",
      "version": "0.1.0",
      "workspaces": [
        "packages/kanban"
      ],
      "bin": {
        "changeyard": "dist/src/cli.js",
        "cy": "dist/src/cli.js"
      },
      "engines": {
        "node": ">=22.0.0"
      }
    },
    "node_modules/@changeyard/kanban": {
      "resolved": "packages/kanban",
      "link": true
    },
    "packages/kanban": {
      "name": "@changeyard/kanban",
      "version": "0.1.0",
      "engines": {
        "node": ">=22.0.0"
      }
    }
  }
}
